
Microsoft Visual Studio Solution File, Format Version 12.00
# Visual Studio Version 17
VisualStudioVersion = 17.9.34701.34
MinimumVisualStudioVersion = 10.0.40219.1
Project("{FAE04EC0-301F-11D3-BF4B-00C04F79EFBC}") = "BlazorApp1", "BlazorApp1\BlazorApp1\BlazorApp1.csproj", "{4BEB0DDD-6A56-4707-9594-28B4107CE9D7}"
EndProject
Project("{FAE04EC0-301F-11D3-BF4B-00C04F79EFBC}") = "BlazorApp1.Client", "BlazorApp1\BlazorApp1.Client\BlazorApp1.Client.csproj", "{88C7853D-2AC3-4345-81D8-96BBB771E9D7}"
EndProject
Global
	GlobalSection(SolutionConfigurationPlatforms) = preSolution
		Debug|Any CPU = Debug|Any CPU
		Release|Any CPU = Release|Any CPU
	EndGlobalSection
	GlobalSection(ProjectConfigurationPlatforms) = postSolution
		{4BEB0DDD-6A56-4707-9594-28B4107CE9D7}.Debug|Any CPU.ActiveCfg = Debug|Any CPU
		{4BEB0DDD-6A56-4707-9594-28B4107CE9D7}.Debug|Any CPU.Build.0 = Debug|Any CPU
		{4BEB0DDD-6A56-4707-9594-28B4107CE9D7}.Release|Any CPU.ActiveCfg = Release|Any CPU
		{4BEB0DDD-6A56-4707-9594-28B4107CE9D7}.Release|Any CPU.Build.0 = Release|Any CPU
		{88C7853D-2AC3-4345-81D8-96BBB771E9D7}.Debug|Any CPU.ActiveCfg = Debug|Any CPU
		{88C7853D-2AC3-4345-81D8-96BBB771E9D7}.Debug|Any CPU.Build.0 = Debug|Any CPU
		{88C7853D-2AC3-4345-81D8-96BBB771E9D7}.Release|Any CPU.ActiveCfg = Release|Any CPU
		{88C7853D-2AC3-4345-81D8-96BBB771E9D7}.Release|Any CPU.Build.0 = Release|Any CPU
	EndGlobalSection
	GlobalSection(SolutionProperties) = preSolution
		HideSolutionNode = FALSE
	EndGlobalSection
	GlobalSection(ExtensibilityGlobals) = postSolution
		SolutionGuid = {9DF140A9-57C7-4A95-B175-792A53F3796C}
	EndGlobalSection
EndGlobal
